
Microsoft Visual Studio Solution File, Format Version 12.00
# Visual Studio Version 16
VisualStudioVersion = 16.0.28803.202
MinimumVisualStudioVersion = 10.0.40219.1
Project("{FAE04EC0-301F-11D3-BF4B-00C04F79EFBC}") = "TestLogin", "TestLogin\TestLogin.csproj", "{C847F97E-7217-4AE2-94F2-1C6A8BE64706}"
EndProject
Global
	GlobalSection(SolutionConfigurationPlatforms) = preSolution
		Debug|Any CPU = Debug|Any CPU
		Release|Any CPU = Release|Any CPU
	EndGlobalSection
	GlobalSection(ProjectConfigurationPlatforms) = postSolution
		{C847F97E-7217-4AE2-94F2-1C6A8BE64706}.Debug|Any CPU.ActiveCfg = Debug|Any CPU
		{C847F97E-7217-4AE2-94F2-1C6A8BE64706}.Debug|Any CPU.Build.0 = Debug|Any CPU
		{C847F97E-7217-4AE2-94F2-1C6A8BE64706}.Release|Any CPU.ActiveCfg = Release|Any CPU
		{C847F97E-7217-4AE2-94F2-1C6A8BE64706}.Release|Any CPU.Build.0 = Release|Any CPU
	EndGlobalSection
	GlobalSection(SolutionProperties) = preSolution
		HideSolutionNode = FALSE
	EndGlobalSection
	GlobalSection(ExtensibilityGlobals) = postSolution
		SolutionGuid = {00F47539-34C4-4349-B959-0194D467D632}
	EndGlobalSection
EndGlobal
